Microsoft Visual Studio Solution File, Format Version 11.00
# Visual Studio 2010
Project("{A88516BA-89EA-4EF2-89FC-793EBF554363}") = "monomyst-vulkan", ".dub/monomyst-vulkan.visualdproj", "{6233C3C0-36D6-4902-B87C-FCBA2137236B}"
	ProjectSection(ProjectDependencies) = postProject
		{240DF9CE-6AF5-4D42-8F44-E385985294AE} = {240DF9CE-6AF5-4D42-8F44-E385985294AE}
		{DCF345DE-855F-4759-B3F9-F935EB898CD3} = {DCF345DE-855F-4759-B3F9-F935EB898CD3}
	EndProjectSection
EndProject
Project("{A88516BA-89EA-4EF2-89FC-793EBF554363}") = "derelict-glfw3", ".dub/derelict-glfw3.visualdproj", "{240DF9CE-6AF5-4D42-8F44-E385985294AE}"
EndProject
Project("{A88516BA-89EA-4EF2-89FC-793EBF554363}") = "derelict-util", ".dub/derelict-util.visualdproj", "{DCF345DE-855F-4759-B3F9-F935EB898CD3}"
EndProject
Global
	GlobalSection(SolutionConfigurationPlatforms) = preSolution
		debug|Win32 = debug|Win32
	EndGlobalSection
	GlobalSection(ProjectConfigurationPlatforms) = postSolution
		{DCF345DE-855F-4759-B3F9-F935EB898CD3}.debug|Win32.ActiveCfg = debug|Win32
		{DCF345DE-855F-4759-B3F9-F935EB898CD3}.debug|Win32.Build.0 = debug|Win32
		{6233C3C0-36D6-4902-B87C-FCBA2137236B}.debug|Win32.ActiveCfg = debug|Win32
		{6233C3C0-36D6-4902-B87C-FCBA2137236B}.debug|Win32.Build.0 = debug|Win32
		{240DF9CE-6AF5-4D42-8F44-E385985294AE}.debug|Win32.ActiveCfg = debug|Win32
		{240DF9CE-6AF5-4D42-8F44-E385985294AE}.debug|Win32.Build.0 = debug|Win32
	EndGlobalSection
	GlobalSection(SolutionProperties) = preSolution
		HideSolutionNode = FALSE
	EndGlobalSection
EndGlobal
