
Microsoft Visual Studio Solution File, Format Version 12.00
# Visual Studio 15
VisualStudioVersion = 15.0.26124.0
MinimumVisualStudioVersion = 15.0.26124.0
Project("{FAE04EC0-301F-11D3-BF4B-00C04F79EFBC}") = "SharpVulkan", "SharpVulkan\SharpVulkan.csproj", "{D5B99B95-2DB7-44AC-97EE-0A1CD0BCBF2F}"
EndProject
Project("{FAE04EC0-301F-11D3-BF4B-00C04F79EFBC}") = "Vulkan.Engine", "Vulkan.Engine\Vulkan.Engine.csproj", "{FD0AED2C-9F98-4988-BBB0-BE6C05EDA469}"
EndProject
Project("{FAE04EC0-301F-11D3-BF4B-00C04F79EFBC}") = "GLFW", "GLFW\GLFW.csproj", "{A5C3C607-2732-4AE4-80DE-8EFD01803FE6}"
EndProject
Global
	GlobalSection(SolutionConfigurationPlatforms) = preSolution
		Debug|Any CPU = Debug|Any CPU
		Debug|x64 = Debug|x64
		Debug|x86 = Debug|x86
		Release|Any CPU = Release|Any CPU
		Release|x64 = Release|x64
		Release|x86 = Release|x86
	EndGlobalSection
	GlobalSection(SolutionProperties) = preSolution
		HideSolutionNode = FALSE
	EndGlobalSection
	GlobalSection(ProjectConfigurationPlatforms) = postSolution
		{D5B99B95-2DB7-44AC-97EE-0A1CD0BCBF2F}.Debug|Any CPU.ActiveCfg = Debug|Any CPU
		{D5B99B95-2DB7-44AC-97EE-0A1CD0BCBF2F}.Debug|Any CPU.Build.0 = Debug|Any CPU
		{D5B99B95-2DB7-44AC-97EE-0A1CD0BCBF2F}.Debug|x64.ActiveCfg = Debug|Any CPU
		{D5B99B95-2DB7-44AC-97EE-0A1CD0BCBF2F}.Debug|x64.Build.0 = Debug|Any CPU
		{D5B99B95-2DB7-44AC-97EE-0A1CD0BCBF2F}.Debug|x86.ActiveCfg = Debug|Any CPU
		{D5B99B95-2DB7-44AC-97EE-0A1CD0BCBF2F}.Debug|x86.Build.0 = Debug|Any CPU
		{D5B99B95-2DB7-44AC-97EE-0A1CD0BCBF2F}.Release|Any CPU.ActiveCfg = Release|Any CPU
		{D5B99B95-2DB7-44AC-97EE-0A1CD0BCBF2F}.Release|Any CPU.Build.0 = Release|Any CPU
		{D5B99B95-2DB7-44AC-97EE-0A1CD0BCBF2F}.Release|x64.ActiveCfg = Release|Any CPU
		{D5B99B95-2DB7-44AC-97EE-0A1CD0BCBF2F}.Release|x64.Build.0 = Release|Any CPU
		{D5B99B95-2DB7-44AC-97EE-0A1CD0BCBF2F}.Release|x86.ActiveCfg = Release|Any CPU
		{D5B99B95-2DB7-44AC-97EE-0A1CD0BCBF2F}.Release|x86.Build.0 = Release|Any CPU
		{FD0AED2C-9F98-4988-BBB0-BE6C05EDA469}.Debug|Any CPU.ActiveCfg = Debug|Any CPU
		{FD0AED2C-9F98-4988-BBB0-BE6C05EDA469}.Debug|Any CPU.Build.0 = Debug|Any CPU
		{FD0AED2C-9F98-4988-BBB0-BE6C05EDA469}.Debug|x64.ActiveCfg = Debug|Any CPU
		{FD0AED2C-9F98-4988-BBB0-BE6C05EDA469}.Debug|x64.Build.0 = Debug|Any CPU
		{FD0AED2C-9F98-4988-BBB0-BE6C05EDA469}.Debug|x86.ActiveCfg = Debug|Any CPU
		{FD0AED2C-9F98-4988-BBB0-BE6C05EDA469}.Debug|x86.Build.0 = Debug|Any CPU
		{FD0AED2C-9F98-4988-BBB0-BE6C05EDA469}.Release|Any CPU.ActiveCfg = Release|Any CPU
		{FD0AED2C-9F98-4988-BBB0-BE6C05EDA469}.Release|Any CPU.Build.0 = Release|Any CPU
		{FD0AED2C-9F98-4988-BBB0-BE6C05EDA469}.Release|x64.ActiveCfg = Release|Any CPU
		{FD0AED2C-9F98-4988-BBB0-BE6C05EDA469}.Release|x64.Build.0 = Release|Any CPU
		{FD0AED2C-9F98-4988-BBB0-BE6C05EDA469}.Release|x86.ActiveCfg = Release|Any CPU
		{FD0AED2C-9F98-4988-BBB0-BE6C05EDA469}.Release|x86.Build.0 = Release|Any CPU
		{A5C3C607-2732-4AE4-80DE-8EFD01803FE6}.Debug|Any CPU.ActiveCfg = Debug|Any CPU
		{A5C3C607-2732-4AE4-80DE-8EFD01803FE6}.Debug|Any CPU.Build.0 = Debug|Any CPU
		{A5C3C607-2732-4AE4-80DE-8EFD01803FE6}.Debug|x64.ActiveCfg = Debug|Any CPU
		{A5C3C607-2732-4AE4-80DE-8EFD01803FE6}.Debug|x64.Build.0 = Debug|Any CPU
		{A5C3C607-2732-4AE4-80DE-8EFD01803FE6}.Debug|x86.ActiveCfg = Debug|Any CPU
		{A5C3C607-2732-4AE4-80DE-8EFD01803FE6}.Debug|x86.Build.0 = Debug|Any CPU
		{A5C3C607-2732-4AE4-80DE-8EFD01803FE6}.Release|Any CPU.ActiveCfg = Release|Any CPU
		{A5C3C607-2732-4AE4-80DE-8EFD01803FE6}.Release|Any CPU.Build.0 = Release|Any CPU
		{A5C3C607-2732-4AE4-80DE-8EFD01803FE6}.Release|x64.ActiveCfg = Release|Any CPU
		{A5C3C607-2732-4AE4-80DE-8EFD01803FE6}.Release|x64.Build.0 = Release|Any CPU
		{A5C3C607-2732-4AE4-80DE-8EFD01803FE6}.Release|x86.ActiveCfg = Release|Any CPU
		{A5C3C607-2732-4AE4-80DE-8EFD01803FE6}.Release|x86.Build.0 = Release|Any CPU
	EndGlobalSection
EndGlobal
